
Microsoft Visual Studio Solution File, Format Version 12.00
# Visual Studio 15
Project("{FAE04EC0-301F-11D3-BF4B-00C04F79EFBC}") = "Assembly-CSharp", "Assembly-CSharp.csproj", "{12381D87-C42F-F5F2-0F16-7E00E4CB4518}"
EndProject
Global
	GlobalSection(SolutionConfigurationPlatforms) = preSolution
		Debug|Any CPU = Debug|Any CPU
		Release|Any CPU = Release|Any CPU
	EndGlobalSection
	GlobalSection(ProjectConfigurationPlatforms) = postSolution
		{12381D87-C42F-F5F2-0F16-7E00E4CB4518}.Debug|Any CPU.ActiveCfg = Debug|Any CPU
		{12381D87-C42F-F5F2-0F16-7E00E4CB4518}.Debug|Any CPU.Build.0 = Debug|Any CPU
		{12381D87-C42F-F5F2-0F16-7E00E4CB4518}.Release|Any CPU.ActiveCfg = Release|Any CPU
		{12381D87-C42F-F5F2-0F16-7E00E4CB4518}.Release|Any CPU.Build.0 = Release|Any CPU
	EndGlobalSection
	GlobalSection(SolutionProperties) = preSolution
		HideSolutionNode = FALSE
	EndGlobalSection
EndGlobal
